{
  "pins" : [
    {
      "identity" : "telemetric",
      "kind" : "remoteSourceControl",
      "location" : "https://github.com/sentryco/Telemetric.git",
      "state" : {
        "branch" : "main",
        "revision" : "5f09f82121bbf402509d7f323910a46ffd3cea86"
      }
    }
  ],
  "version" : 2
}
