{
  "originHash" : "d1891bfcc99b4c326f176035aecae4b1d3aada76221c1800b910ce81ddcef130",
  "pins" : [
    {
      "identity" : "telemetric",
      "kind" : "remoteSourceControl",
      "location" : "https://github.com/sentryco/Telemetric.git",
      "state" : {
        "branch" : "main",
        "revision" : "0252764bfcdaf217a37b141fa42f635e015523e0"
      }
    }
  ],
  "version" : 3
}
